
Microsoft Visual Studio Solution File, Format Version 12.00
# Visual Studio 15
VisualStudioVersion = 15.0.26228.4
MinimumVisualStudioVersion = 10.0.40219.1
Project("{9A19103F-16F7-4668-BE54-9A1E7A4F7556}") = "DotNetCoreUI", "src\DotNetCoreUI\DotNetCoreUI.csproj", "{80AAB476-FC05-44AD-B1BE-FE30E84F7A39}"
EndProject
Project("{2150E333-8FDC-42A3-9474-1A3956D46DE8}") = "test", "test", "{0791C3BB-C2C6-46C9-8503-229755086298}"
EndProject
Project("{9A19103F-16F7-4668-BE54-9A1E7A4F7556}") = "DotNetCoreUI.Tests", "tests\DotNetCoreUI.Tests\DotNetCoreUI.Tests.csproj", "{DBA15C34-D993-4ACC-930A-A507BDFA0E38}"
EndProject
Global
	GlobalSection(SolutionConfigurationPlatforms) = preSolution
		Debug|Any CPU = Debug|Any CPU
		Release|Any CPU = Release|Any CPU
	EndGlobalSection
	GlobalSection(ProjectConfigurationPlatforms) = postSolution
		{80AAB476-FC05-44AD-B1BE-FE30E84F7A39}.Debug|Any CPU.ActiveCfg = Debug|Any CPU
		{80AAB476-FC05-44AD-B1BE-FE30E84F7A39}.Debug|Any CPU.Build.0 = Debug|Any CPU
		{80AAB476-FC05-44AD-B1BE-FE30E84F7A39}.Release|Any CPU.ActiveCfg = Release|Any CPU
		{80AAB476-FC05-44AD-B1BE-FE30E84F7A39}.Release|Any CPU.Build.0 = Release|Any CPU
		{DBA15C34-D993-4ACC-930A-A507BDFA0E38}.Debug|Any CPU.ActiveCfg = Debug|Any CPU
		{DBA15C34-D993-4ACC-930A-A507BDFA0E38}.Debug|Any CPU.Build.0 = Debug|Any CPU
		{DBA15C34-D993-4ACC-930A-A507BDFA0E38}.Release|Any CPU.ActiveCfg = Release|Any CPU
		{DBA15C34-D993-4ACC-930A-A507BDFA0E38}.Release|Any CPU.Build.0 = Release|Any CPU
	EndGlobalSection
	GlobalSection(SolutionProperties) = preSolution
		HideSolutionNode = FALSE
	EndGlobalSection
	GlobalSection(NestedProjects) = preSolution
		{DBA15C34-D993-4ACC-930A-A507BDFA0E38} = {0791C3BB-C2C6-46C9-8503-229755086298}
	EndGlobalSection
EndGlobal
